
Microsoft Visual Studio Solution File, Format Version 12.00
# Visual Studio Version 16
VisualStudioVersion = 16.0.29512.175
MinimumVisualStudioVersion = 10.0.40219.1
Project("{FAE04EC0-301F-11D3-BF4B-00C04F79EFBC}") = "TableauSample", "TableauSample\TableauSample.csproj", "{3B1321CE-0FCB-4C14-87B8-0A457DFDFAED}"
EndProject
Global
	GlobalSection(SolutionConfigurationPlatforms) = preSolution
		Debug|Any CPU = Debug|Any CPU
		Release|Any CPU = Release|Any CPU
	EndGlobalSection
	GlobalSection(ProjectConfigurationPlatforms) = postSolution
		{3B1321CE-0FCB-4C14-87B8-0A457DFDFAED}.Debug|Any CPU.ActiveCfg = Debug|Any CPU
		{3B1321CE-0FCB-4C14-87B8-0A457DFDFAED}.Debug|Any CPU.Build.0 = Debug|Any CPU
		{3B1321CE-0FCB-4C14-87B8-0A457DFDFAED}.Release|Any CPU.ActiveCfg = Release|Any CPU
		{3B1321CE-0FCB-4C14-87B8-0A457DFDFAED}.Release|Any CPU.Build.0 = Release|Any CPU
	EndGlobalSection
	GlobalSection(SolutionProperties) = preSolution
		HideSolutionNode = FALSE
	EndGlobalSection
	GlobalSection(ExtensibilityGlobals) = postSolution
		SolutionGuid = {25252652-8F14-497B-8EEF-CD6FA221A82C}
	EndGlobalSection
EndGlobal
